
Microsoft Visual Studio Solution File, Format Version 12.00
# Visual Studio Version 17
VisualStudioVersion = 17.5.33502.453
MinimumVisualStudioVersion = 10.0.40219.1
Project("{9A19103F-16F7-4668-BE54-9A1E7A4F7556}") = "DistributedFileCacheExample.ConsoleApp", "DistributedFileCacheExample.ConsoleApp\DistributedFileCacheExample.ConsoleApp.csproj", "{BA6B081C-C8D0-4BA3-ADB5-553A68465E0F}"
EndProject
Project("{9A19103F-16F7-4668-BE54-9A1E7A4F7556}") = "DistributedCacheExtensions.Local", "DistributedCacheExtensions.Local\DistributedCacheExtensions.Local.csproj", "{019D595D-81B8-4919-8916-2AD09A2B2C11}"
EndProject
Project("{9A19103F-16F7-4668-BE54-9A1E7A4F7556}") = "DistributedCacheExtensions.Local.Tests", "DistributedCacheExtensions.Local.Tests\DistributedCacheExtensions.Local.Tests.csproj", "{97D2454B-D72F-4357-A4AC-0419AA5AD4F9}"
EndProject
Project("{9A19103F-16F7-4668-BE54-9A1E7A4F7556}") = "DistrubutedCacheExtensions.AzureStorage", "DistrubutedCacheExtensions.AzureStorage\DistrubutedCacheExtensions.AzureStorage.csproj", "{F303069B-0C39-4EDC-966B-24EBF923D416}"
EndProject
Project("{FAE04EC0-301F-11D3-BF4B-00C04F79EFBC}") = "DistributedCacheExtensions.Abstractions", "DistributedCacheExtensions.Abstractions\DistributedCacheExtensions.Abstractions.csproj", "{B9B63497-6E0E-40F9-97D1-EF6ACA0AA886}"
EndProject
Global
	GlobalSection(SolutionConfigurationPlatforms) = preSolution
		Debug|Any CPU = Debug|Any CPU
		Release|Any CPU = Release|Any CPU
	EndGlobalSection
	GlobalSection(ProjectConfigurationPlatforms) = postSolution
		{BA6B081C-C8D0-4BA3-ADB5-553A68465E0F}.Debug|Any CPU.ActiveCfg = Debug|Any CPU
		{BA6B081C-C8D0-4BA3-ADB5-553A68465E0F}.Debug|Any CPU.Build.0 = Debug|Any CPU
		{BA6B081C-C8D0-4BA3-ADB5-553A68465E0F}.Release|Any CPU.ActiveCfg = Release|Any CPU
		{BA6B081C-C8D0-4BA3-ADB5-553A68465E0F}.Release|Any CPU.Build.0 = Release|Any CPU
		{019D595D-81B8-4919-8916-2AD09A2B2C11}.Debug|Any CPU.ActiveCfg = Debug|Any CPU
		{019D595D-81B8-4919-8916-2AD09A2B2C11}.Debug|Any CPU.Build.0 = Debug|Any CPU
		{019D595D-81B8-4919-8916-2AD09A2B2C11}.Release|Any CPU.ActiveCfg = Release|Any CPU
		{019D595D-81B8-4919-8916-2AD09A2B2C11}.Release|Any CPU.Build.0 = Release|Any CPU
		{97D2454B-D72F-4357-A4AC-0419AA5AD4F9}.Debug|Any CPU.ActiveCfg = Debug|Any CPU
		{97D2454B-D72F-4357-A4AC-0419AA5AD4F9}.Debug|Any CPU.Build.0 = Debug|Any CPU
		{97D2454B-D72F-4357-A4AC-0419AA5AD4F9}.Release|Any CPU.ActiveCfg = Release|Any CPU
		{97D2454B-D72F-4357-A4AC-0419AA5AD4F9}.Release|Any CPU.Build.0 = Release|Any CPU
		{F303069B-0C39-4EDC-966B-24EBF923D416}.Debug|Any CPU.ActiveCfg = Debug|Any CPU
		{F303069B-0C39-4EDC-966B-24EBF923D416}.Debug|Any CPU.Build.0 = Debug|Any CPU
		{F303069B-0C39-4EDC-966B-24EBF923D416}.Release|Any CPU.ActiveCfg = Release|Any CPU
		{F303069B-0C39-4EDC-966B-24EBF923D416}.Release|Any CPU.Build.0 = Release|Any CPU
		{B9B63497-6E0E-40F9-97D1-EF6ACA0AA886}.Debug|Any CPU.ActiveCfg = Debug|Any CPU
		{B9B63497-6E0E-40F9-97D1-EF6ACA0AA886}.Debug|Any CPU.Build.0 = Debug|Any CPU
		{B9B63497-6E0E-40F9-97D1-EF6ACA0AA886}.Release|Any CPU.ActiveCfg = Release|Any CPU
		{B9B63497-6E0E-40F9-97D1-EF6ACA0AA886}.Release|Any CPU.Build.0 = Release|Any CPU
	EndGlobalSection
	GlobalSection(SolutionProperties) = preSolution
		HideSolutionNode = FALSE
	EndGlobalSection
	GlobalSection(ExtensibilityGlobals) = postSolution
		SolutionGuid = {2C43AF7D-CB30-45B3-915A-E7D3FD1F8AA3}
	EndGlobalSection
EndGlobal
