
Microsoft Visual Studio Solution File, Format Version 12.00
# Visual Studio Version 16
VisualStudioVersion = 16.0.31424.327
MinimumVisualStudioVersion = 10.0.40219.1
Project("{9A19103F-16F7-4668-BE54-9A1E7A4F7556}") = "DistributedCacheExtensions", "DistributedCacheExtensions\DistributedCacheExtensions.csproj", "{5B9CA0C3-A3A5-45A8-8C5B-138148D5D940}"
EndProject
Project("{9A19103F-16F7-4668-BE54-9A1E7A4F7556}") = "DistributedCacheExtensions.Tests", "DistributedCacheExtensions.Tests\DistributedCacheExtensions.Tests.csproj", "{08C9BA7F-337E-434B-AE10-59C140F9BB59}"
EndProject
Project("{9A19103F-16F7-4668-BE54-9A1E7A4F7556}") = "DistributedFileCacheExample.ConsoleApp", "DistributedFileCacheExample.ConsoleApp\DistributedFileCacheExample.ConsoleApp.csproj", "{BA6B081C-C8D0-4BA3-ADB5-553A68465E0F}"
EndProject
Global
	GlobalSection(SolutionConfigurationPlatforms) = preSolution
		Debug|Any CPU = Debug|Any CPU
		Release|Any CPU = Release|Any CPU
	EndGlobalSection
	GlobalSection(ProjectConfigurationPlatforms) = postSolution
		{5B9CA0C3-A3A5-45A8-8C5B-138148D5D940}.Debug|Any CPU.ActiveCfg = Debug|Any CPU
		{5B9CA0C3-A3A5-45A8-8C5B-138148D5D940}.Debug|Any CPU.Build.0 = Debug|Any CPU
		{5B9CA0C3-A3A5-45A8-8C5B-138148D5D940}.Release|Any CPU.ActiveCfg = Release|Any CPU
		{5B9CA0C3-A3A5-45A8-8C5B-138148D5D940}.Release|Any CPU.Build.0 = Release|Any CPU
		{08C9BA7F-337E-434B-AE10-59C140F9BB59}.Debug|Any CPU.ActiveCfg = Debug|Any CPU
		{08C9BA7F-337E-434B-AE10-59C140F9BB59}.Debug|Any CPU.Build.0 = Debug|Any CPU
		{08C9BA7F-337E-434B-AE10-59C140F9BB59}.Release|Any CPU.ActiveCfg = Release|Any CPU
		{08C9BA7F-337E-434B-AE10-59C140F9BB59}.Release|Any CPU.Build.0 = Release|Any CPU
		{BA6B081C-C8D0-4BA3-ADB5-553A68465E0F}.Debug|Any CPU.ActiveCfg = Debug|Any CPU
		{BA6B081C-C8D0-4BA3-ADB5-553A68465E0F}.Debug|Any CPU.Build.0 = Debug|Any CPU
		{BA6B081C-C8D0-4BA3-ADB5-553A68465E0F}.Release|Any CPU.ActiveCfg = Release|Any CPU
		{BA6B081C-C8D0-4BA3-ADB5-553A68465E0F}.Release|Any CPU.Build.0 = Release|Any CPU
	EndGlobalSection
	GlobalSection(SolutionProperties) = preSolution
		HideSolutionNode = FALSE
	EndGlobalSection
	GlobalSection(ExtensibilityGlobals) = postSolution
		SolutionGuid = {2C43AF7D-CB30-45B3-915A-E7D3FD1F8AA3}
	EndGlobalSection
EndGlobal
